
Microsoft Visual Studio Solution File, Format Version 12.00
# Visual Studio Version 17
VisualStudioVersion = 17.9.34723.18
MinimumVisualStudioVersion = 10.0.40219.1
Project("{FAE04EC0-301F-11D3-BF4B-00C04F79EFBC}") = "pryInicioSesionLogs", "pryInicioSesionLogs.csproj", "{9017EF17-129E-4100-82D3-79C95EF4ACC2}"
EndProject
Global
	GlobalSection(SolutionConfigurationPlatforms) = preSolution
		Debug|Any CPU = Debug|Any CPU
		Release|Any CPU = Release|Any CPU
	EndGlobalSection
	GlobalSection(ProjectConfigurationPlatforms) = postSolution
		{9017EF17-129E-4100-82D3-79C95EF4ACC2}.Debug|Any CPU.ActiveCfg = Debug|Any CPU
		{9017EF17-129E-4100-82D3-79C95EF4ACC2}.Debug|Any CPU.Build.0 = Debug|Any CPU
		{9017EF17-129E-4100-82D3-79C95EF4ACC2}.Release|Any CPU.ActiveCfg = Release|Any CPU
		{9017EF17-129E-4100-82D3-79C95EF4ACC2}.Release|Any CPU.Build.0 = Release|Any CPU
	EndGlobalSection
	GlobalSection(SolutionProperties) = preSolution
		HideSolutionNode = FALSE
	EndGlobalSection
	GlobalSection(ExtensibilityGlobals) = postSolution
		SolutionGuid = {54F2C67C-C6C7-44DA-816A-087D90325706}
	EndGlobalSection
EndGlobal
